PODS:
  - AFNetworking (3.1.0):
    - AFNetworking/NSURLSession (= 3.1.0)
    - AFNetworking/Reachability (= 3.1.0)
    - AFNetworking/Security (= 3.1.0)
    - AFNetworking/Serialization (= 3.1.0)
    - AFNetworking/UIKit (= 3.1.0)
  - AFNetworking/NSURLSession (3.1.0):
    - AFNetworking/Reachability
    - AFNetworking/Security
    - AFNetworking/Serialization
  - AFNetworking/Reachability (3.1.0)
  - AFNetworking/Security (3.1.0)
  - AFNetworking/Serialization (3.1.0)
  - AFNetworking/UIKit (3.1.0):
    - AFNetworking/NSURLSession
  - MJExtension (3.0.13)
  - SDWebImage (4.1.0):
    - SDWebImage/Core (= 4.1.0)
  - SDWebImage/Core (4.1.0)
  - SVProgressHUD (2.2)

DEPENDENCIES:
  - AFNetworking
  - MJExtension
  - SDWebImage
  - SVProgressHUD

SPEC CHECKSUMS:
  AFNetworking: 5e0e199f73d8626b11e79750991f5d173d1f8b67
  MJExtension: 5932755f451458eefa24239358817f8d291240c7
  SDWebImage: 0e435c14e402a6730315a0fb79f95e68654d55a4
  SVProgressHUD: 3f37f3409ddb15f35c99315ae7dc33c474aa3256

PODFILE CHECKSUM: 36fd20410418683f81d5b417bed078a8d9a8fafc

COCOAPODS: 1.2.0
